
Microsoft Visual Studio Solution File, Format Version 12.00
# Visual Studio Version 17
VisualStudioVersion = 17.3.32825.248
MinimumVisualStudioVersion = 10.0.40219.1
Project("{FAE04EC0-301F-11D3-BF4B-00C04F79EFBC}") = "ConexionGestionPedidos", "ConexionGestionPedidos\ConexionGestionPedidos.csproj", "{AF1FD74D-E386-4FA0-8923-C1E38311005A}"
EndProject
Global
	GlobalSection(SolutionConfigurationPlatforms) = preSolution
		Debug|Any CPU = Debug|Any CPU
		Release|Any CPU = Release|Any CPU
	EndGlobalSection
	GlobalSection(ProjectConfigurationPlatforms) = postSolution
		{AF1FD74D-E386-4FA0-8923-C1E38311005A}.Debug|Any CPU.ActiveCfg = Debug|Any CPU
		{AF1FD74D-E386-4FA0-8923-C1E38311005A}.Debug|Any CPU.Build.0 = Debug|Any CPU
		{AF1FD74D-E386-4FA0-8923-C1E38311005A}.Release|Any CPU.ActiveCfg = Release|Any CPU
		{AF1FD74D-E386-4FA0-8923-C1E38311005A}.Release|Any CPU.Build.0 = Release|Any CPU
	EndGlobalSection
	GlobalSection(SolutionProperties) = preSolution
		HideSolutionNode = FALSE
	EndGlobalSection
	GlobalSection(ExtensibilityGlobals) = postSolution
		SolutionGuid = {29D98B0F-AE55-4143-9EF4-D77B02D5FB90}
	EndGlobalSection
EndGlobal
